
Microsoft Visual Studio Solution File, Format Version 12.00
# Visual Studio 15
VisualStudioVersion = 15.0.27703.2047
MinimumVisualStudioVersion = 10.0.40219.1
Project("{8BC9CEB8-8B4A-11D0-8D11-00A0C91BC942}") = "RazPong", "RazPong\RazPong.vcxproj", "{3273249A-E91E-4BF4-A107-975C4E9803FD}"
EndProject
Global
	GlobalSection(SolutionConfigurationPlatforms) = preSolution
		Debug|x64 = Debug|x64
		Debug|x86 = Debug|x86
		Release|x64 = Release|x64
		Release|x86 = Release|x86
	EndGlobalSection
	GlobalSection(ProjectConfigurationPlatforms) = postSolution
		{3273249A-E91E-4BF4-A107-975C4E9803FD}.Debug|x64.ActiveCfg = Debug|x64
		{3273249A-E91E-4BF4-A107-975C4E9803FD}.Debug|x64.Build.0 = Debug|x64
		{3273249A-E91E-4BF4-A107-975C4E9803FD}.Debug|x86.ActiveCfg = Debug|Win32
		{3273249A-E91E-4BF4-A107-975C4E9803FD}.Debug|x86.Build.0 = Debug|Win32
		{3273249A-E91E-4BF4-A107-975C4E9803FD}.Release|x64.ActiveCfg = Release|x64
		{3273249A-E91E-4BF4-A107-975C4E9803FD}.Release|x64.Build.0 = Release|x64
		{3273249A-E91E-4BF4-A107-975C4E9803FD}.Release|x86.ActiveCfg = Release|Win32
		{3273249A-E91E-4BF4-A107-975C4E9803FD}.Release|x86.Build.0 = Release|Win32
	EndGlobalSection
	GlobalSection(SolutionProperties) = preSolution
		HideSolutionNode = FALSE
	EndGlobalSection
	GlobalSection(ExtensibilityGlobals) = postSolution
		SolutionGuid = {354A5054-1DFD-497D-BE18-3224F379BCB6}
	EndGlobalSection
EndGlobal
